
Microsoft Visual Studio Solution File, Format Version 12.00
# Visual Studio 15
VisualStudioVersion = 15.0.28307.705
MinimumVisualStudioVersion = 10.0.40219.1
Project("{FAE04EC0-301F-11D3-BF4B-00C04F79EFBC}") = "DddInPractice.Logic", "DddInPractice.Logic\DddInPractice.Logic.csproj", "{BD59A081-9CF5-47B3-81D8-FEFA3C760281}"
EndProject
Project("{FAE04EC0-301F-11D3-BF4B-00C04F79EFBC}") = "DddInPractice.Tests", "DddInPractice.Tests\DddInPractice.Tests.csproj", "{352613C3-5224-4CA4-BA37-9B80D72B7F7C}"
EndProject
Global
	GlobalSection(SolutionConfigurationPlatforms) = preSolution
		Debug|Any CPU = Debug|Any CPU
		Release|Any CPU = Release|Any CPU
	EndGlobalSection
	GlobalSection(ProjectConfigurationPlatforms) = postSolution
		{BD59A081-9CF5-47B3-81D8-FEFA3C760281}.Debug|Any CPU.ActiveCfg = Debug|Any CPU
		{BD59A081-9CF5-47B3-81D8-FEFA3C760281}.Debug|Any CPU.Build.0 = Debug|Any CPU
		{BD59A081-9CF5-47B3-81D8-FEFA3C760281}.Release|Any CPU.ActiveCfg = Release|Any CPU
		{BD59A081-9CF5-47B3-81D8-FEFA3C760281}.Release|Any CPU.Build.0 = Release|Any CPU
		{352613C3-5224-4CA4-BA37-9B80D72B7F7C}.Debug|Any CPU.ActiveCfg = Debug|Any CPU
		{352613C3-5224-4CA4-BA37-9B80D72B7F7C}.Debug|Any CPU.Build.0 = Debug|Any CPU
		{352613C3-5224-4CA4-BA37-9B80D72B7F7C}.Release|Any CPU.ActiveCfg = Release|Any CPU
		{352613C3-5224-4CA4-BA37-9B80D72B7F7C}.Release|Any CPU.Build.0 = Release|Any CPU
	EndGlobalSection
	GlobalSection(SolutionProperties) = preSolution
		HideSolutionNode = FALSE
	EndGlobalSection
	GlobalSection(ExtensibilityGlobals) = postSolution
		SolutionGuid = {A0CFB157-E717-4431-B330-AEC7933DDD29}
	EndGlobalSection
EndGlobal
